{
    "_readme": [
        "This file locks the dependencies of your project to a known state",
        "Read more about it at https://getcomposer.org/doc/01-basic-usage.md#installing-dependencies",
        "This file is @generated automatically"
    ],
    "content-hash": "4b9eaa102370d8810ce4608bfdb163ae",
    "packages": [
        {
            "name": "5ini99/think-addons",
            "version": "2.1.0",
            "source": {
                "type": "git",
                "url": "https://github.com/5ini99/think-addons.git",
                "reference": "65d56d90005ad2e567494f138fc44c46e92f3c81"
            },
            "dist": {
                "type": "zip",
                "url": "https://api.github.com/repos/5ini99/think-addons/zipball/65d56d90005ad2e567494f138fc44c46e92f3c81",
                "reference": "65d56d90005ad2e567494f138fc44c46e92f3c81",
                "shasum": ""
            },
            "require": {
                "php": ">=5.4.0",
                "topthink/think-helper": ">=1.0.4",
                "topthink/think-installer": ">=1.0.10"
            },
            "type": "library",
            "extra": {
                "think-config": {
                    "addons": "src/config.php"
                }
            },
            "autoload": {
                "psr-4": {
                    "think\\": "src/"
                },
                "files": [
                    "src/common.php"
                ]
            },
            "notification-url": "https://packagist.org/downloads/",
            "license": [
                "Apache-2.0"
            ],
            "authors": [
                {
                    "name": "xiaobo.sun",
                    "email": "xiaobo.sun@qq.com"
                }
            ],
            "description": "addons package for thinkphp5",
            "homepage": "https://github.com/5ini99/think-addons",
            "time": "2017-03-28T12:41:19+00:00"
        },
        {
            "name": "aliyuncs/oss-sdk-php",
            "version": "v2.3.0",
            "source": {
                "type": "git",
                "url": "https://github.com/aliyun/aliyun-oss-php-sdk.git",
                "reference": "e69f57916678458642ac9d2fd341ae78a56996c8"
            },
            "dist": {
                "type": "zip",
                "url": "https://api.github.com/repos/aliyun/aliyun-oss-php-sdk/zipball/e69f57916678458642ac9d2fd341ae78a56996c8",
                "reference": "e69f57916678458642ac9d2fd341ae78a56996c8",
                "shasum": ""
            },
            "require": {
                "php": ">=5.3"
            },
            "require-dev": {
                "phpunit/phpunit": "~4.0",
                "satooshi/php-coveralls": "~1.0"
            },
            "type": "library",
            "autoload": {
                "psr-4": {
                    "OSS\\": "src/OSS"
                }
            },
            "notification-url": "https://packagist.org/downloads/",
            "license": [
                "MIT"
            ],
            "authors": [
                {
                    "name": "Aliyuncs",
                    "homepage": "http://www.aliyun.com"
                }
            ],
            "description": "Aliyun OSS SDK for PHP",
            "homepage": "http://www.aliyun.com/product/oss/",
            "time": "2018-01-08T06:59:35+00:00"
        },
        {
            "name": "endroid/qrcode",
            "version": "1.9.3",
            "source": {
                "type": "git",
                "url": "https://github.com/endroid/qr-code.git",
                "reference": "c9644bec2a9cc9318e98d1437de3c628dcd1ef93"
            },
            "dist": {
                "type": "zip",
                "url": "https://api.github.com/repos/endroid/qr-code/zipball/c9644bec2a9cc9318e98d1437de3c628dcd1ef93",
                "reference": "c9644bec2a9cc9318e98d1437de3c628dcd1ef93",
                "shasum": ""
            },
            "require": {
                "ext-gd": "*",
                "php": ">=5.4",
                "symfony/options-resolver": "^2.3|^3.0"
            },
            "require-dev": {
                "phpunit/phpunit": "^4.0|^5.0",
                "sensio/framework-extra-bundle": "^3.0",
                "symfony/browser-kit": "^2.3|^3.0",
                "symfony/framework-bundle": "^2.3|^3.0",
                "symfony/http-kernel": "^2.3|^3.0"
            },
            "type": "library",
            "extra": {
                "branch-alias": {
                    "dev-master": "1.x-dev"
                }
            },
            "autoload": {
                "psr-4": {
                    "Endroid\\QrCode\\": "src/"
                }
            },
            "notification-url": "https://packagist.org/downloads/",
            "license": [
                "MIT"
            ],
            "authors": [
                {
                    "name": "Jeroen van den Enden",
                    "email": "info@endroid.nl",
                    "homepage": "http://endroid.nl/"
                }
            ],
            "description": "Endroid QR Code",
            "homepage": "https://github.com/endroid/QrCode",
            "keywords": [
                "bundle",
                "code",
                "endroid",
                "qr",
                "qrcode",
                "symfony"
            ],
            "abandoned": "endroid/qr-code",
            "time": "2017-04-08T09:13:59+00:00"
        },
        {
            "name": "flc/alidayu",
            "version": "v2.0.6",
            "source": {
                "type": "git",
                "url": "https://github.com/flc1125/alidayu.git",
                "reference": "f4df2beaa90e639ef639b562d2b71e8dc2c3806c"
            },
            "dist": {
                "type": "zip",
                "url": "https://api.github.com/repos/flc1125/alidayu/zipball/f4df2beaa90e639ef639b562d2b71e8dc2c3806c",
                "reference": "f4df2beaa90e639ef639b562d2b71e8dc2c3806c",
                "shasum": ""
            },
            "require": {
                "php": ">=5.4.0"
            },
            "type": "library",
            "autoload": {
                "psr-4": {
                    "Flc\\Alidayu\\": "src/Alidayu/"
                }
            },
            "notification-url": "https://packagist.org/downloads/",
            "license": [
                "MIT"
            ],
            "description": "阿里大于(鱼)API-SDK；适用任何PHP项目，包括Laravel、Yii、Thinkphp等...",
            "keywords": [
                "alidayu",
                "flc"
            ],
            "time": "2017-08-12T02:55:34+00:00"
        },
        {
            "name": "guzzlehttp/guzzle",
            "version": "6.3.3",
            "source": {
                "type": "git",
                "url": "https://github.com/guzzle/guzzle.git",
                "reference": "407b0cb880ace85c9b63c5f9551db498cb2d50ba"
            },
            "dist": {
                "type": "zip",
                "url": "https://api.github.com/repos/guzzle/guzzle/zipball/407b0cb880ace85c9b63c5f9551db498cb2d50ba",
                "reference": "407b0cb880ace85c9b63c5f9551db498cb2d50ba",
                "shasum": ""
            },
            "require": {
                "guzzlehttp/promises": "^1.0",
                "guzzlehttp/psr7": "^1.4",
                "php": ">=5.5"
            },
            "require-dev": {
                "ext-curl": "*",
                "phpunit/phpunit": "^4.8.35 || ^5.7 || ^6.4 || ^7.0",
                "psr/log": "^1.0"
            },
            "suggest": {
                "psr/log": "Required for using the Log middleware"
            },
            "type": "library",
            "extra": {
                "branch-alias": {
                    "dev-master": "6.3-dev"
                }
            },
            "autoload": {
                "files": [
                    "src/functions_include.php"
                ],
                "psr-4": {
                    "GuzzleHttp\\": "src/"
                }
            },
            "notification-url": "https://packagist.org/downloads/",
            "license": [
                "MIT"
            ],
            "authors": [
                {
                    "name": "Michael Dowling",
                    "email": "mtdowling@gmail.com",
                    "homepage": "https://github.com/mtdowling"
                }
            ],
            "description": "Guzzle is a PHP HTTP client library",
            "homepage": "http://guzzlephp.org/",
            "keywords": [
                "client",
                "curl",
                "framework",
                "http",
                "http client",
                "rest",
                "web service"
            ],
            "time": "2018-04-22T15:46:56+00:00"
        },
        {
            "name": "guzzlehttp/promises",
            "version": "v1.3.1",
            "source": {
                "type": "git",
                "url": "https://github.com/guzzle/promises.git",
                "reference": "a59da6cf61d80060647ff4d3eb2c03a2bc694646"
            },
            "dist": {
                "type": "zip",
                "url": "https://api.github.com/repos/guzzle/promises/zipball/a59da6cf61d80060647ff4d3eb2c03a2bc694646",
                "reference": "a59da6cf61d80060647ff4d3eb2c03a2bc694646",
                "shasum": ""
            },
            "require": {
                "php": ">=5.5.0"
            },
            "require-dev": {
                "phpunit/phpunit": "^4.0"
            },
            "type": "library",
            "extra": {
                "branch-alias": {
                    "dev-master": "1.4-dev"
                }
            },
            "autoload": {
                "psr-4": {
                    "GuzzleHttp\\Promise\\": "src/"
                },
                "files": [
                    "src/functions_include.php"
                ]
            },
            "notification-url": "https://packagist.org/downloads/",
            "license": [
                "MIT"
            ],
            "authors": [
                {
                    "name": "Michael Dowling",
                    "email": "mtdowling@gmail.com",
                    "homepage": "https://github.com/mtdowling"
                }
            ],
            "description": "Guzzle promises library",
            "keywords": [
                "promise"
            ],
            "time": "2016-12-20T10:07:11+00:00"
        },
        {
            "name": "guzzlehttp/psr7",
            "version": "1.4.2",
            "source": {
                "type": "git",
                "url": "https://github.com/guzzle/psr7.git",
                "reference": "f5b8a8512e2b58b0071a7280e39f14f72e05d87c"
            },
            "dist": {
                "type": "zip",
                "url": "https://api.github.com/repos/guzzle/psr7/zipball/f5b8a8512e2b58b0071a7280e39f14f72e05d87c",
                "reference": "f5b8a8512e2b58b0071a7280e39f14f72e05d87c",
                "shasum": ""
            },
            "require": {
                "php": ">=5.4.0",
                "psr/http-message": "~1.0"
            },
            "provide": {
                "psr/http-message-implementation": "1.0"
            },
            "require-dev": {
                "phpunit/phpunit": "~4.0"
            },
            "type": "library",
            "extra": {
                "branch-alias": {
                    "dev-master": "1.4-dev"
                }
            },
            "autoload": {
                "psr-4": {
                    "GuzzleHttp\\Psr7\\": "src/"
                },
                "files": [
                    "src/functions_include.php"
                ]
            },
            "notification-url": "https://packagist.org/downloads/",
            "license": [
                "MIT"
            ],
            "authors": [
                {
                    "name": "Michael Dowling",
                    "email": "mtdowling@gmail.com",
                    "homepage": "https://github.com/mtdowling"
                },
                {
                    "name": "Tobias Schultze",
                    "homepage": "https://github.com/Tobion"
                }
            ],
            "description": "PSR-7 message implementation that also provides common utility methods",
            "keywords": [
                "http",
                "message",
                "request",
                "response",
                "stream",
                "uri",
                "url"
            ],
            "time": "2017-03-20T17:10:46+00:00"
        },
        {
            "name": "monolog/monolog",
            "version": "1.23.0",
            "source": {
                "type": "git",
                "url": "https://github.com/Seldaek/monolog.git",
                "reference": "fd8c787753b3a2ad11bc60c063cff1358a32a3b4"
            },
            "dist": {
                "type": "zip",
                "url": "https://api.github.com/repos/Seldaek/monolog/zipball/fd8c787753b3a2ad11bc60c063cff1358a32a3b4",
                "reference": "fd8c787753b3a2ad11bc60c063cff1358a32a3b4",
                "shasum": ""
            },
            "require": {
                "php": ">=5.3.0",
                "psr/log": "~1.0"
            },
            "provide": {
                "psr/log-implementation": "1.0.0"
            },
            "require-dev": {
                "aws/aws-sdk-php": "^2.4.9 || ^3.0",
                "doctrine/couchdb": "~1.0@dev",
                "graylog2/gelf-php": "~1.0",
                "jakub-onderka/php-parallel-lint": "0.9",
                "php-amqplib/php-amqplib": "~2.4",
                "php-console/php-console": "^3.1.3",
                "phpunit/phpunit": "~4.5",
                "phpunit/phpunit-mock-objects": "2.3.0",
                "ruflin/elastica": ">=0.90 <3.0",
                "sentry/sentry": "^0.13",
                "swiftmailer/swiftmailer": "^5.3|^6.0"
            },
            "suggest": {
                "aws/aws-sdk-php": "Allow sending log messages to AWS services like DynamoDB",
                "doctrine/couchdb": "Allow sending log messages to a CouchDB server",
                "ext-amqp": "Allow sending log messages to an AMQP server (1.0+ required)",
                "ext-mongo": "Allow sending log messages to a MongoDB server",
                "graylog2/gelf-php": "Allow sending log messages to a GrayLog2 server",
                "mongodb/mongodb": "Allow sending log messages to a MongoDB server via PHP Driver",
                "php-amqplib/php-amqplib": "Allow sending log messages to an AMQP server using php-amqplib",
                "php-console/php-console": "Allow sending log messages to Google Chrome",
                "rollbar/rollbar": "Allow sending log messages to Rollbar",
                "ruflin/elastica": "Allow sending log messages to an Elastic Search server",
                "sentry/sentry": "Allow sending log messages to a Sentry server"
            },
            "type": "library",
            "extra": {
                "branch-alias": {
                    "dev-master": "2.0.x-dev"
                }
            },
            "autoload": {
                "psr-4": {
                    "Monolog\\": "src/Monolog"
                }
            },
            "notification-url": "https://packagist.org/downloads/",
            "license": [
                "MIT"
            ],
            "authors": [
                {
                    "name": "Jordi Boggiano",
                    "email": "j.boggiano@seld.be",
                    "homepage": "http://seld.be"
                }
            ],
            "description": "Sends your logs to files, sockets, inboxes, databases and various web services",
            "homepage": "http://github.com/Seldaek/monolog",
            "keywords": [
                "log",
                "logging",
                "psr-3"
            ],
            "time": "2017-06-19T01:22:40+00:00"
        },
        {
            "name": "paragonie/random_compat",
            "version": "v9.99.99",
            "source": {
                "type": "git",
                "url": "https://github.com/paragonie/random_compat.git",
                "reference": "84b4dfb120c6f9b4ff7b3685f9b8f1aa365a0c95"
            },
            "dist": {
                "type": "zip",
                "url": "https://api.github.com/repos/paragonie/random_compat/zipball/84b4dfb120c6f9b4ff7b3685f9b8f1aa365a0c95",
                "reference": "84b4dfb120c6f9b4ff7b3685f9b8f1aa365a0c95",
                "shasum": ""
            },
            "require": {
                "php": "^7"
            },
            "require-dev": {
                "phpunit/phpunit": "4.*|5.*",
                "vimeo/psalm": "^1"
            },
            "suggest": {
                "ext-libsodium": "Provides a modern crypto API that can be used to generate random bytes."
            },
            "type": "library",
            "notification-url": "https://packagist.org/downloads/",
            "license": [
                "MIT"
            ],
            "authors": [
                {
                    "name": "Paragon Initiative Enterprises",
                    "email": "security@paragonie.com",
                    "homepage": "https://paragonie.com"
                }
            ],
            "description": "PHP 5.x polyfill for random_bytes() and random_int() from PHP 7",
            "keywords": [
                "csprng",
                "polyfill",
                "pseudorandom",
                "random"
            ],
            "time": "2018-07-02T15:55:56+00:00"
        },
        {
            "name": "psr/http-message",
            "version": "1.0.1",
            "source": {
                "type": "git",
                "url": "https://github.com/php-fig/http-message.git",
                "reference": "f6561bf28d520154e4b0ec72be95418abe6d9363"
            },
            "dist": {
                "type": "zip",
                "url": "https://api.github.com/repos/php-fig/http-message/zipball/f6561bf28d520154e4b0ec72be95418abe6d9363",
                "reference": "f6561bf28d520154e4b0ec72be95418abe6d9363",
                "shasum": ""
            },
            "require": {
                "php": ">=5.3.0"
            },
            "type": "library",
            "extra": {
                "branch-alias": {
                    "dev-master": "1.0.x-dev"
                }
            },
            "autoload": {
                "psr-4": {
                    "Psr\\Http\\Message\\": "src/"
                }
            },
            "notification-url": "https://packagist.org/downloads/",
            "license": [
                "MIT"
            ],
            "authors": [
                {
                    "name": "PHP-FIG",
                    "homepage": "http://www.php-fig.org/"
                }
            ],
            "description": "Common interface for HTTP messages",
            "homepage": "https://github.com/php-fig/http-message",
            "keywords": [
                "http",
                "http-message",
                "psr",
                "psr-7",
                "request",
                "response"
            ],
            "time": "2016-08-06T14:39:51+00:00"
        },
        {
            "name": "psr/log",
            "version": "1.0.2",
            "source": {
                "type": "git",
                "url": "https://github.com/php-fig/log.git",
                "reference": "4ebe3a8bf773a19edfe0a84b6585ba3d401b724d"
            },
            "dist": {
                "type": "zip",
                "url": "https://api.github.com/repos/php-fig/log/zipball/4ebe3a8bf773a19edfe0a84b6585ba3d401b724d",
                "reference": "4ebe3a8bf773a19edfe0a84b6585ba3d401b724d",
                "shasum": ""
            },
            "require": {
                "php": ">=5.3.0"
            },
            "type": "library",
            "extra": {
                "branch-alias": {
                    "dev-master": "1.0.x-dev"
                }
            },
            "autoload": {
                "psr-4": {
                    "Psr\\Log\\": "Psr/Log/"
                }
            },
            "notification-url": "https://packagist.org/downloads/",
            "license": [
                "MIT"
            ],
            "authors": [
                {
                    "name": "PHP-FIG",
                    "homepage": "http://www.php-fig.org/"
                }
            ],
            "description": "Common interface for logging libraries",
            "homepage": "https://github.com/php-fig/log",
            "keywords": [
                "log",
                "psr",
                "psr-3"
            ],
            "time": "2016-10-10T12:19:37+00:00"
        },
        {
            "name": "qiniu/php-sdk",
            "version": "v7.2.2",
            "source": {
                "type": "git",
                "url": "https://github.com/qiniu/php-sdk.git",
                "reference": "79290fd9cb5d72cc2feef779008b3aaeeac49eb9"
            },
            "dist": {
                "type": "zip",
                "url": "https://api.github.com/repos/qiniu/php-sdk/zipball/79290fd9cb5d72cc2feef779008b3aaeeac49eb9",
                "reference": "79290fd9cb5d72cc2feef779008b3aaeeac49eb9",
                "shasum": ""
            },
            "require": {
                "php": ">=5.3.3"
            },
            "require-dev": {
                "phpunit/phpunit": "~4.0",
                "squizlabs/php_codesniffer": "~2.3"
            },
            "type": "library",
            "autoload": {
                "psr-4": {
                    "Qiniu\\": "src/Qiniu"
                },
                "files": [
                    "src/Qiniu/functions.php"
                ]
            },
            "notification-url": "https://packagist.org/downloads/",
            "license": [
                "MIT"
            ],
            "authors": [
                {
                    "name": "Qiniu",
                    "email": "sdk@qiniu.com",
                    "homepage": "http://www.qiniu.com"
                }
            ],
            "description": "Qiniu Resource (Cloud) Storage SDK for PHP",
            "homepage": "http://developer.qiniu.com/",
            "keywords": [
                "cloud",
                "qiniu",
                "sdk",
                "storage"
            ],
            "time": "2017-11-07T06:12:11+00:00"
        },
        {
            "name": "symfony/http-foundation",
            "version": "v3.4.17",
            "source": {
                "type": "git",
                "url": "https://github.com/symfony/http-foundation.git",
                "reference": "3a4498236ade473c52b92d509303e5fd1b211ab1"
            },
            "dist": {
                "type": "zip",
                "url": "https://api.github.com/repos/symfony/http-foundation/zipball/3a4498236ade473c52b92d509303e5fd1b211ab1",
                "reference": "3a4498236ade473c52b92d509303e5fd1b211ab1",
                "shasum": ""
            },
            "require": {
                "php": "^5.5.9|>=7.0.8",
                "symfony/polyfill-mbstring": "~1.1",
                "symfony/polyfill-php70": "~1.6"
            },
            "require-dev": {
                "symfony/expression-language": "~2.8|~3.0|~4.0"
            },
            "type": "library",
            "extra": {
                "branch-alias": {
                    "dev-master": "3.4-dev"
                }
            },
            "autoload": {
                "psr-4": {
                    "Symfony\\Component\\HttpFoundation\\": ""
                },
                "exclude-from-classmap": [
                    "/Tests/"
                ]
            },
            "notification-url": "https://packagist.org/downloads/",
            "license": [
                "MIT"
            ],
            "authors": [
                {
                    "name": "Fabien Potencier",
                    "email": "fabien@symfony.com"
                },
                {
                    "name": "Symfony Community",
                    "homepage": "https://symfony.com/contributors"
                }
            ],
            "description": "Symfony HttpFoundation Component",
            "homepage": "https://symfony.com",
            "time": "2018-10-03T08:48:18+00:00"
        },
        {
            "name": "symfony/options-resolver",
            "version": "v3.4.4",
            "source": {
                "type": "git",
                "url": "https://github.com/symfony/options-resolver.git",
                "reference": "f3109a6aedd20e35c3a33190e932c2b063b7b50e"
            },
            "dist": {
                "type": "zip",
                "url": "https://api.github.com/repos/symfony/options-resolver/zipball/f3109a6aedd20e35c3a33190e932c2b063b7b50e",
                "reference": "f3109a6aedd20e35c3a33190e932c2b063b7b50e",
                "shasum": ""
            },
            "require": {
                "php": "^5.5.9|>=7.0.8"
            },
            "type": "library",
            "extra": {
                "branch-alias": {
                    "dev-master": "3.4-dev"
                }
            },
            "autoload": {
                "psr-4": {
                    "Symfony\\Component\\OptionsResolver\\": ""
                },
                "exclude-from-classmap": [
                    "/Tests/"
                ]
            },
            "notification-url": "https://packagist.org/downloads/",
            "license": [
                "MIT"
            ],
            "authors": [
                {
                    "name": "Fabien Potencier",
                    "email": "fabien@symfony.com"
                },
                {
                    "name": "Symfony Community",
                    "homepage": "https://symfony.com/contributors"
                }
            ],
            "description": "Symfony OptionsResolver Component",
            "homepage": "https://symfony.com",
            "keywords": [
                "config",
                "configuration",
                "options"
            ],
            "time": "2018-01-11T07:56:07+00:00"
        },
        {
            "name": "symfony/polyfill-mbstring",
            "version": "v1.9.0",
            "source": {
                "type": "git",
                "url": "https://github.com/symfony/polyfill-mbstring.git",
                "reference": "d0cd638f4634c16d8df4508e847f14e9e43168b8"
            },
            "dist": {
                "type": "zip",
                "url": "https://api.github.com/repos/symfony/polyfill-mbstring/zipball/d0cd638f4634c16d8df4508e847f14e9e43168b8",
                "reference": "d0cd638f4634c16d8df4508e847f14e9e43168b8",
                "shasum": ""
            },
            "require": {
                "php": ">=5.3.3"
            },
            "suggest": {
                "ext-mbstring": "For best performance"
            },
            "type": "library",
            "extra": {
                "branch-alias": {
                    "dev-master": "1.9-dev"
                }
            },
            "autoload": {
                "psr-4": {
                    "Symfony\\Polyfill\\Mbstring\\": ""
                },
                "files": [
                    "bootstrap.php"
                ]
            },
            "notification-url": "https://packagist.org/downloads/",
            "license": [
                "MIT"
            ],
            "authors": [
                {
                    "name": "Nicolas Grekas",
                    "email": "p@tchwork.com"
                },
                {
                    "name": "Symfony Community",
                    "homepage": "https://symfony.com/contributors"
                }
            ],
            "description": "Symfony polyfill for the Mbstring extension",
            "homepage": "https://symfony.com",
            "keywords": [
                "compatibility",
                "mbstring",
                "polyfill",
                "portable",
                "shim"
            ],
            "time": "2018-08-06T14:22:27+00:00"
        },
        {
            "name": "symfony/polyfill-php70",
            "version": "v1.9.0",
            "source": {
                "type": "git",
                "url": "https://github.com/symfony/polyfill-php70.git",
                "reference": "1e24b0c4a56d55aaf368763a06c6d1c7d3194934"
            },
            "dist": {
                "type": "zip",
                "url": "https://api.github.com/repos/symfony/polyfill-php70/zipball/1e24b0c4a56d55aaf368763a06c6d1c7d3194934",
                "reference": "1e24b0c4a56d55aaf368763a06c6d1c7d3194934",
                "shasum": ""
            },
            "require": {
                "paragonie/random_compat": "~1.0|~2.0|~9.99",
                "php": ">=5.3.3"
            },
            "type": "library",
            "extra": {
                "branch-alias": {
                    "dev-master": "1.9-dev"
                }
            },
            "autoload": {
                "psr-4": {
                    "Symfony\\Polyfill\\Php70\\": ""
                },
                "files": [
                    "bootstrap.php"
                ],
                "classmap": [
                    "Resources/stubs"
                ]
            },
            "notification-url": "https://packagist.org/downloads/",
            "license": [
                "MIT"
            ],
            "authors": [
                {
                    "name": "Nicolas Grekas",
                    "email": "p@tchwork.com"
                },
                {
                    "name": "Symfony Community",
                    "homepage": "https://symfony.com/contributors"
                }
            ],
            "description": "Symfony polyfill backporting some PHP 7.0+ features to lower PHP versions",
            "homepage": "https://symfony.com",
            "keywords": [
                "compatibility",
                "polyfill",
                "portable",
                "shim"
            ],
            "time": "2018-08-06T14:22:27+00:00"
        },
        {
            "name": "topthink/framework",
            "version": "v5.1.41",
            "source": {
                "type": "git",
                "url": "https://github.com/top-think/framework.git",
                "reference": "7137741a323a4a60cfca334507cd1812fac91bb2"
            },
            "dist": {
                "type": "zip",
                "url": "https://api.github.com/repos/top-think/framework/zipball/7137741a323a4a60cfca334507cd1812fac91bb2",
                "reference": "7137741a323a4a60cfca334507cd1812fac91bb2",
                "shasum": ""
            },
            "require": {
                "php": ">=5.6.0",
                "topthink/think-installer": "2.*"
            },
            "require-dev": {
                "johnkary/phpunit-speedtrap": "^1.0",
                "mikey179/vfsstream": "~1.6",
                "phpdocumentor/reflection-docblock": "^2.0",
                "phploc/phploc": "2.*",
                "phpunit/phpunit": "^5.0|^6.0",
                "sebastian/phpcpd": "2.*",
                "squizlabs/php_codesniffer": "2.*"
            },
            "type": "think-framework",
            "notification-url": "https://packagist.org/downloads/",
            "license": [
                "Apache-2.0"
            ],
            "authors": [
                {
                    "name": "liu21st",
                    "email": "liu21st@gmail.com"
                },
                {
                    "name": "yunwuxin",
                    "email": "448901948@qq.com"
                }
            ],
            "description": "the new thinkphp framework",
            "homepage": "http://thinkphp.cn/",
            "keywords": [
                "framework",
                "orm",
                "thinkphp"
            ],
            "support": {
                "issues": "https://github.com/top-think/framework/issues",
                "source": "https://github.com/top-think/framework/tree/v5.1.41"
            },
            "time": "2021-01-11T02:51:29+00:00"
        },
        {
            "name": "topthink/think-captcha",
            "version": "v1.0.7",
            "source": {
                "type": "git",
                "url": "https://github.com/top-think/think-captcha.git",
                "reference": "0c55455df26a1626a60d0dc35d2d89002b741d44"
            },
            "dist": {
                "type": "zip",
                "url": "https://api.github.com/repos/top-think/think-captcha/zipball/0c55455df26a1626a60d0dc35d2d89002b741d44",
                "reference": "0c55455df26a1626a60d0dc35d2d89002b741d44",
                "shasum": ""
            },
            "type": "library",
            "autoload": {
                "psr-4": {
                    "think\\captcha\\": "src/"
                },
                "files": [
                    "src/helper.php"
                ]
            },
            "notification-url": "https://packagist.org/downloads/",
            "license": [
                "Apache-2.0"
            ],
            "authors": [
                {
                    "name": "yunwuxin",
                    "email": "448901948@qq.com"
                }
            ],
            "description": "captcha package for thinkphp5",
            "time": "2016-07-06T01:47:11+00:00"
        },
        {
            "name": "topthink/think-helper",
            "version": "v1.0.6",
            "source": {
                "type": "git",
                "url": "https://github.com/top-think/think-helper.git",
                "reference": "0c99dc625b0d2d4124e1b6ca15a3ad6f0125963f"
            },
            "dist": {
                "type": "zip",
                "url": "https://api.github.com/repos/top-think/think-helper/zipball/0c99dc625b0d2d4124e1b6ca15a3ad6f0125963f",
                "reference": "0c99dc625b0d2d4124e1b6ca15a3ad6f0125963f",
                "shasum": ""
            },
            "type": "library",
            "autoload": {
                "psr-4": {
                    "think\\helper\\": "src"
                },
                "files": [
                    "src/helper.php"
                ]
            },
            "notification-url": "https://packagist.org/downloads/",
            "license": [
                "Apache-2.0"
            ],
            "authors": [
                {
                    "name": "yunwuxin",
                    "email": "448901948@qq.com"
                }
            ],
            "description": "The ThinkPHP5 Helper Package",
            "time": "2017-04-05T07:15:37+00:00"
        },
        {
            "name": "topthink/think-installer",
            "version": "v2.0.5",
            "source": {
                "type": "git",
                "url": "https://github.com/top-think/think-installer.git",
                "reference": "38ba647706e35d6704b5d370c06f8a160b635f88"
            },
            "dist": {
                "type": "zip",
                "url": "https://api.github.com/repos/top-think/think-installer/zipball/38ba647706e35d6704b5d370c06f8a160b635f88",
                "reference": "38ba647706e35d6704b5d370c06f8a160b635f88",
                "shasum": ""
            },
            "require": {
                "composer-plugin-api": "^1.0||^2.0"
            },
            "require-dev": {
                "composer/composer": "^1.0||^2.0"
            },
            "type": "composer-plugin",
            "extra": {
                "class": "think\\composer\\Plugin"
            },
            "autoload": {
                "psr-4": {
                    "think\\composer\\": "src"
                }
            },
            "notification-url": "https://packagist.org/downloads/",
            "license": [
                "Apache-2.0"
            ],
            "authors": [
                {
                    "name": "yunwuxin",
                    "email": "448901948@qq.com"
                }
            ],
            "support": {
                "issues": "https://github.com/top-think/think-installer/issues",
                "source": "https://github.com/top-think/think-installer/tree/v2.0.5"
            },
            "time": "2021-01-14T12:12:14+00:00"
        },
        {
            "name": "topthink/think-mongo",
            "version": "v1.8.2",
            "source": {
                "type": "git",
                "url": "https://github.com/top-think/think-mongo.git",
                "reference": "5433e971b4892b09cbec49090c690f5d4350a981"
            },
            "dist": {
                "type": "zip",
                "url": "https://api.github.com/repos/top-think/think-mongo/zipball/5433e971b4892b09cbec49090c690f5d4350a981",
                "reference": "5433e971b4892b09cbec49090c690f5d4350a981",
                "shasum": ""
            },
            "type": "library",
            "autoload": {
                "psr-4": {
                    "think\\mongo\\": "src"
                },
                "files": []
            },
            "notification-url": "https://packagist.org/downloads/",
            "license": [
                "Apache-2.0"
            ],
            "authors": [
                {
                    "name": "liu21st",
                    "email": "liu21st@gmail.com"
                }
            ],
            "description": "mongodb driver for thinkphp5",
            "time": "2018-01-30T07:12:02+00:00"
        },
        {
            "name": "topthink/think-queue",
            "version": "v1.1.4",
            "source": {
                "type": "git",
                "url": "https://github.com/top-think/think-queue.git",
                "reference": "ad709611d516e13d6760234bc98e91faa901cae8"
            },
            "dist": {
                "type": "zip",
                "url": "https://api.github.com/repos/top-think/think-queue/zipball/ad709611d516e13d6760234bc98e91faa901cae8",
                "reference": "ad709611d516e13d6760234bc98e91faa901cae8",
                "shasum": ""
            },
            "require": {
                "topthink/think-helper": ">=1.0.4",
                "topthink/think-installer": ">=1.0.10"
            },
            "type": "think-extend",
            "extra": {
                "think-config": {
                    "queue": "src/config.php"
                }
            },
            "autoload": {
                "psr-4": {
                    "think\\": "src"
                },
                "files": [
                    "src/common.php"
                ]
            },
            "notification-url": "https://packagist.org/downloads/",
            "license": [
                "Apache-2.0"
            ],
            "authors": [
                {
                    "name": "yunwuxin",
                    "email": "448901948@qq.com"
                }
            ],
            "description": "The ThinkPHP5 Queue Package",
            "time": "2017-06-25T00:49:56+00:00"
        },
        {
            "name": "yansongda/pay",
            "version": "v2.5.0",
            "source": {
                "type": "git",
                "url": "https://github.com/yansongda/pay.git",
                "reference": "00553d68f34f161ee902547462e9bf363e61c0b9"
            },
            "dist": {
                "type": "zip",
                "url": "https://api.github.com/repos/yansongda/pay/zipball/00553d68f34f161ee902547462e9bf363e61c0b9",
                "reference": "00553d68f34f161ee902547462e9bf363e61c0b9",
                "shasum": ""
            },
            "require": {
                "ext-openssl": "*",
                "ext-simplexml": "*",
                "monolog/monolog": "^1.23",
                "php": ">=7.0",
                "symfony/http-foundation": "^3.0|^4.0",
                "yansongda/supports": "^1.8"
            },
            "require-dev": {
                "mockery/mockery": "1.0.x-dev",
                "phpunit/phpunit": "^6.2"
            },
            "type": "library",
            "autoload": {
                "psr-4": {
                    "Yansongda\\Pay\\": "src"
                }
            },
            "notification-url": "https://packagist.org/downloads/",
            "license": [
                "MIT"
            ],
            "authors": [
                {
                    "name": "yansongda",
                    "email": "me@yansongda.cn"
                }
            ],
            "description": "专注 Alipay 和 WeChat 的支付扩展包",
            "keywords": [
                "alipay",
                "pay",
                "wechat"
            ],
            "time": "2018-09-19T16:03:29+00:00"
        },
        {
            "name": "yansongda/supports",
            "version": "v1.8.3",
            "source": {
                "type": "git",
                "url": "https://github.com/yansongda/supports.git",
                "reference": "2e295667942f7bb2453b09fba8f86a5a03cba55e"
            },
            "dist": {
                "type": "zip",
                "url": "https://api.github.com/repos/yansongda/supports/zipball/2e295667942f7bb2453b09fba8f86a5a03cba55e",
                "reference": "2e295667942f7bb2453b09fba8f86a5a03cba55e",
                "shasum": ""
            },
            "require": {
                "guzzlehttp/guzzle": "^6.2",
                "monolog/monolog": "^1.23",
                "php": ">=5.5"
            },
            "type": "library",
            "autoload": {
                "psr-4": {
                    "Yansongda\\Supports\\": "src/"
                }
            },
            "notification-url": "https://packagist.org/downloads/",
            "license": [
                "MIT"
            ],
            "authors": [
                {
                    "name": "yansongda",
                    "email": "me@yansongda.cn"
                }
            ],
            "description": "common components",
            "keywords": [
                "Guzzle",
                "array",
                "collection",
                "config",
                "http",
                "support"
            ],
            "time": "2018-09-13T06:47:49+00:00"
        },
        {
            "name": "zoujingli/ip2region",
            "version": "v1.0.2",
            "source": {
                "type": "git",
                "url": "https://github.com/zoujingli/ip2region.git",
                "reference": "5d981fbf3b574bad7fe9652e7aecba0920f54325"
            },
            "dist": {
                "type": "zip",
                "url": "https://api.github.com/repos/zoujingli/ip2region/zipball/5d981fbf3b574bad7fe9652e7aecba0920f54325",
                "reference": "5d981fbf3b574bad7fe9652e7aecba0920f54325",
                "shasum": ""
            },
            "require": {
                "php": ">=5.3.3"
            },
            "type": "library",
            "autoload": {
                "classmap": [
                    "Ip2Region.php"
                ]
            },
            "notification-url": "https://packagist.org/downloads/",
            "license": [
                "Apache 2.0"
            ],
            "description": "Ip2Region",
            "homepage": "https://github.com/zoujingli/Ip2Region",
            "keywords": [
                "Ip2Region"
            ],
            "time": "2017-11-09T03:36:17+00:00"
        },
        {
            "name": "zoujingli/wechat-php-sdk",
            "version": "dev-master",
            "source": {
                "type": "git",
                "url": "https://github.com/zoujingli/wechat-php-sdk.git",
                "reference": "4e8563507213f030cb6612fafceb96380ce7cfb7"
            },
            "dist": {
                "type": "zip",
                "url": "https://api.github.com/repos/zoujingli/wechat-php-sdk/zipball/4e8563507213f030cb6612fafceb96380ce7cfb7",
                "reference": "4e8563507213f030cb6612fafceb96380ce7cfb7",
                "shasum": ""
            },
            "require": {
                "php": ">=5.3.3"
            },
            "type": "project",
            "autoload": {
                "psr-4": {
                    "Wechat\\": "./Wechat"
                }
            },
            "notification-url": "https://packagist.org/downloads/",
            "license": [
                "MIT"
            ],
            "description": "WeChat development of SDK",
            "homepage": "http://www.kancloud.cn/zoujingli/wechat-php-sdk",
            "keywords": [
                "wechat-php-sdk"
            ],
            "time": "2018-02-05T02:44:49+00:00"
        }
    ],
    "packages-dev": [],
    "aliases": [],
    "minimum-stability": "stable",
    "stability-flags": {
        "zoujingli/wechat-php-sdk": 20
    },
    "prefer-stable": false,
    "prefer-lowest": false,
    "platform": {
        "php": ">=5.4.0"
    },
    "platform-dev": [],
    "plugin-api-version": "2.2.0"
}
